<?xml version="1.0" encoding="utf-8"?>
<Project ToolsVersion="16.0" xmlns="http://schemas.microsoft.com/developer/msbuild/2003">
  <ItemGroup>
    <CustomBuild Include="C:\CS380\cs380-2021\research_project\CMakeFiles\3ef52f2a149e47782de529a14b889785\generate.stamp.rule">
      <Filter>CMake Rules</Filter>
    </CustomBuild>
  </ItemGroup>
  <ItemGroup>
    <Filter Include="CMake Rules">
      <UniqueIdentifier>{140BDE1F-757B-38E6-A5CE-43062D6381E6}</UniqueIdentifier>
    </Filter>
  </ItemGroup>
</Project>
